
Microsoft Visual Studio Solution File, Format Version 12.00
# Visual Studio Version 17
VisualStudioVersion = 17.9.34728.123
MinimumVisualStudioVersion = 10.0.40219.1
Project("{FAE04EC0-301F-11D3-BF4B-00C04F79EFBC}") = "Ejercicio1Apuestas", "Apuestas\Ejercicio1Apuestas.csproj", "{CC2A778F-C8F9-4A0C-BC9E-54002C3CF2DE}"
EndProject
Project("{FAE04EC0-301F-11D3-BF4B-00C04F79EFBC}") = "Ejercicio2Notas", "NotasdeAlumnos\Ejercicio2Notas.csproj", "{F5254B9A-D681-469B-B79E-79E86CB3A8A4}"
EndProject
Global
	GlobalSection(SolutionConfigurationPlatforms) = preSolution
		Debug|Any CPU = Debug|Any CPU
		Release|Any CPU = Release|Any CPU
	EndGlobalSection
	GlobalSection(ProjectConfigurationPlatforms) = postSolution
		{CC2A778F-C8F9-4A0C-BC9E-54002C3CF2DE}.Debug|Any CPU.ActiveCfg = Debug|Any CPU
		{CC2A778F-C8F9-4A0C-BC9E-54002C3CF2DE}.Debug|Any CPU.Build.0 = Debug|Any CPU
		{CC2A778F-C8F9-4A0C-BC9E-54002C3CF2DE}.Release|Any CPU.ActiveCfg = Release|Any CPU
		{CC2A778F-C8F9-4A0C-BC9E-54002C3CF2DE}.Release|Any CPU.Build.0 = Release|Any CPU
		{F5254B9A-D681-469B-B79E-79E86CB3A8A4}.Debug|Any CPU.ActiveCfg = Debug|Any CPU
		{F5254B9A-D681-469B-B79E-79E86CB3A8A4}.Debug|Any CPU.Build.0 = Debug|Any CPU
		{F5254B9A-D681-469B-B79E-79E86CB3A8A4}.Release|Any CPU.ActiveCfg = Release|Any CPU
		{F5254B9A-D681-469B-B79E-79E86CB3A8A4}.Release|Any CPU.Build.0 = Release|Any CPU
	EndGlobalSection
	GlobalSection(SolutionProperties) = preSolution
		HideSolutionNode = FALSE
	EndGlobalSection
	GlobalSection(ExtensibilityGlobals) = postSolution
		SolutionGuid = {A8F91363-546D-487A-BDA8-AFB531A09530}
	EndGlobalSection
EndGlobal
